// !$*UTF8*$!
{
	archiveVersion = 1;
	classes = {
	};
	objectVersion = 56;
	objects = {

/* Begin PBXBuildFile section */
		6DC6103D2AD2977C002EF573 /* CalendarView_DemoApp.swift in Sources */ = {isa = PBXBuildFile; fileRef = 6DC6103C2AD2977C002EF573 /* CalendarView_DemoApp.swift */; };
		6DC6103F2AD2977C002EF573 /* ContentView.swift in Sources */ = {isa = PBXBuildFile; fileRef = 6DC6103E2AD2977C002EF573 /* ContentView.swift */; };
		6DC610412AD2977E002EF573 /* Icons & Images.xcassets in Resources */ = {isa = PBXBuildFile; fileRef = 6DC610402AD2977E002EF573 /* Icons & Images.xcassets */; };
		6DC9DAD32B1686BD00821418 /* MijickNavigattie in Frameworks */ = {isa = PBXBuildFile; productRef = 6DC9DAD22B1686BD00821418 /* MijickNavigattie */; };
		6DC9DAD92B16871300821418 /* MijickCalendarView in Frameworks */ = {isa = PBXBuildFile; productRef = 6DC9DAD82B16871300821418 /* MijickCalendarView */; };
		6DC9DAE02B16888000821418 /* Lora-Bold.ttf in Resources */ = {isa = PBXBuildFile; fileRef = 6DC9DADF2B16888000821418 /* Lora-Bold.ttf */; };
		6DC9DAE12B16888500821418 /* Inter-Bold.ttf in Resources */ = {isa = PBXBuildFile; fileRef = 6DC9DADE2B16886D00821418 /* Inter-Bold.ttf */; };
		6DC9DAE22B16888500821418 /* Inter-Thin.ttf in Resources */ = {isa = PBXBuildFile; fileRef = 6DC9DADD2B16886D00821418 /* Inter-Thin.ttf */; };
		6DC9DAE32B16888500821418 /* Inter-Regular.ttf in Resources */ = {isa = PBXBuildFile; fileRef = 6DC9DADB2B16886D00821418 /* Inter-Regular.ttf */; };
		6DC9DAE42B16888500821418 /* Inter-SemiBold.ttf in Resources */ = {isa = PBXBuildFile; fileRef = 6DC9DADC2B16886D00821418 /* Inter-SemiBold.ttf */; };
		6DC9DAE82B1689B600821418 /* Colours.xcassets in Resources */ = {isa = PBXBuildFile; fileRef = 6DC9DAE72B1689B600821418 /* Colours.xcassets */; };
/* End PBXBuildFile section */

/* Begin PBXFileReference section */
		6DC610392AD2977C002EF573 /* CalendarView Demo.app */ = {isa = PBXFileReference; explicitFileType = wrapper.application; includeInIndex = 0; path = "CalendarView Demo.app"; sourceTree = BUILT_PRODUCTS_DIR; };
		6DC6103C2AD2977C002EF573 /* CalendarView_DemoApp.swift */ = {isa = PBXFileReference; lastKnownFileType = sourcecode.swift; path = CalendarView_DemoApp.swift; sourceTree = "<group>"; };
		6DC6103E2AD2977C002EF573 /* ContentView.swift */ = {isa = PBXFileReference; lastKnownFileType = sourcecode.swift; path = ContentView.swift; sourceTree = "<group>"; };
		6DC610402AD2977E002EF573 /* Icons & Images.xcassets */ = {isa = PBXFileReference; lastKnownFileType = folder.assetcatalog; path = "Icons & Images.xcassets"; sourceTree = "<group>"; };
		6DC9DADB2B16886D00821418 /* Inter-Regular.ttf */ = {isa = PBXFileReference; lastKnownFileType = file; path = "Inter-Regular.ttf"; sourceTree = "<group>"; };
		6DC9DADC2B16886D00821418 /* Inter-SemiBold.ttf */ = {isa = PBXFileReference; lastKnownFileType = file; path = "Inter-SemiBold.ttf"; sourceTree = "<group>"; };
		6DC9DADD2B16886D00821418 /* Inter-Thin.ttf */ = {isa = PBXFileReference; lastKnownFileType = file; path = "Inter-Thin.ttf"; sourceTree = "<group>"; };
		6DC9DADE2B16886D00821418 /* Inter-Bold.ttf */ = {isa = PBXFileReference; lastKnownFileType = file; path = "Inter-Bold.ttf"; sourceTree = "<group>"; };
		6DC9DADF2B16888000821418 /* Lora-Bold.ttf */ = {isa = PBXFileReference; lastKnownFileType = file; path = "Lora-Bold.ttf"; sourceTree = "<group>"; };
		6DC9DAE62B1688B000821418 /* CalendarViewInfo.plist */ = {isa = PBXFileReference; lastKnownFileType = text.plist.xml; name = CalendarViewInfo.plist; path = "CalendarView Demo/Resources/Settings/CalendarViewInfo.plist"; sourceTree = SOURCE_ROOT; };
		6DC9DAE72B1689B600821418 /* Colours.xcassets */ = {isa = PBXFileReference; lastKnownFileType = folder.assetcatalog; path = Colours.xcassets; sourceTree = "<group>"; };
/* End PBXFileReference section */

/* Begin PBXFrameworksBuildPhase section */
		6DC610362AD2977C002EF573 /* Frameworks */ = {
			isa = PBXFrameworksBuildPhase;
			buildActionMask = 2147483647;
			files = (
				6DC9DAD92B16871300821418 /* MijickCalendarView in Frameworks */,
				6DC9DAD32B1686BD00821418 /* MijickNavigattie in Frameworks */,
			);
			runOnlyForDeploymentPostprocessing = 0;
		};
/* End PBXFrameworksBuildPhase section */

/* Begin PBXGroup section */
		6DC610302AD2977C002EF573 = {
			isa = PBXGroup;
			children = (
				6DC6103B2AD2977C002EF573 /* CalendarView Demo */,
				6DC6103A2AD2977C002EF573 /* Products */,
			);
			sourceTree = "<group>";
		};
		6DC6103A2AD2977C002EF573 /* Products */ = {
			isa = PBXGroup;
			children = (
				6DC610392AD2977C002EF573 /* CalendarView Demo.app */,
			);
			name = Products;
			sourceTree = "<group>";
		};
		6DC6103B2AD2977C002EF573 /* CalendarView Demo */ = {
			isa = PBXGroup;
			children = (
				6DC9DAD02B16869300821418 /* Sources */,
				6DC9DACF2B16868500821418 /* Resources */,
			);
			path = "CalendarView Demo";
			sourceTree = "<group>";
		};
		6DC9DACE2B1685F100821418 /* Assets */ = {
			isa = PBXGroup;
			children = (
				6DC9DADA2B16880F00821418 /* Fonts */,
				6DC610402AD2977E002EF573 /* Icons & Images.xcassets */,
				6DC9DAE72B1689B600821418 /* Colours.xcassets */,
			);
			path = Assets;
			sourceTree = "<group>";
		};
		6DC9DACF2B16868500821418 /* Resources */ = {
			isa = PBXGroup;
			children = (
				6DC9DAE52B16889600821418 /* Settings */,
				6DC9DACE2B1685F100821418 /* Assets */,
			);
			path = Resources;
			sourceTree = "<group>";
		};
		6DC9DAD02B16869300821418 /* Sources */ = {
			isa = PBXGroup;
			children = (
				6DC6103E2AD2977C002EF573 /* ContentView.swift */,
				6DC6103C2AD2977C002EF573 /* CalendarView_DemoApp.swift */,
			);
			path = Sources;
			sourceTree = "<group>";
		};
		6DC9DADA2B16880F00821418 /* Fonts */ = {
			isa = PBXGroup;
			children = (
				6DC9DADE2B16886D00821418 /* Inter-Bold.ttf */,
				6DC9DADB2B16886D00821418 /* Inter-Regular.ttf */,
				6DC9DADC2B16886D00821418 /* Inter-SemiBold.ttf */,
				6DC9DADD2B16886D00821418 /* Inter-Thin.ttf */,
				6DC9DADF2B16888000821418 /* Lora-Bold.ttf */,
			);
			path = Fonts;
			sourceTree = "<group>";
		};
		6DC9DAE52B16889600821418 /* Settings */ = {
			isa = PBXGroup;
			children = (
				6DC9DAE62B1688B000821418 /* CalendarViewInfo.plist */,
			);
			path = Settings;
			sourceTree = "<group>";
		};
/* End PBXGroup section */

/* Begin PBXNativeTarget section */
		6DC610382AD2977C002EF573 /* CalendarView Demo */ = {
			isa = PBXNativeTarget;
			buildConfigurationList = 6DC610472AD2977E002EF573 /* Build configuration list for PBXNativeTarget "CalendarView Demo" */;
			buildPhases = (
				6DC610352AD2977C002EF573 /* Sources */,
				6DC610362AD2977C002EF573 /* Frameworks */,
				6DC610372AD2977C002EF573 /* Resources */,
			);
			buildRules = (
			);
			dependencies = (
			);
			name = "CalendarView Demo";
			packageProductDependencies = (
				6DC9DAD22B1686BD00821418 /* MijickNavigattie */,
				6DC9DAD82B16871300821418 /* MijickCalendarView */,
			);
			productName = "CalendarView Demo";
			productReference = 6DC610392AD2977C002EF573 /* CalendarView Demo.app */;
			productType = "com.apple.product-type.application";
		};
/* End PBXNativeTarget section */

/* Begin PBXProject section */
		6DC610312AD2977C002EF573 /* Project object */ = {
			isa = PBXProject;
			attributes = {
				BuildIndependentTargetsInParallel = 1;
				LastSwiftUpdateCheck = 1500;
				LastUpgradeCheck = 1500;
				TargetAttributes = {
					6DC610382AD2977C002EF573 = {
						CreatedOnToolsVersion = 15.0;
					};
				};
			};
			buildConfigurationList = 6DC610342AD2977C002EF573 /* Build configuration list for PBXProject "CalendarView Demo" */;
			compatibilityVersion = "Xcode 14.0";
			developmentRegion = en;
			hasScannedForEncodings = 0;
			knownRegions = (
				en,
				Base,
			);
			mainGroup = 6DC610302AD2977C002EF573;
			packageReferences = (
				6DC9DAD12B1686BD00821418 /* XCRemoteSwiftPackageReference "Navigattie" */,
				6DC9DAD72B16871300821418 /* XCRemoteSwiftPackageReference "CalendarView" */,
			);
			productRefGroup = 6DC6103A2AD2977C002EF573 /* Products */;
			projectDirPath = "";
			projectRoot = "";
			targets = (
				6DC610382AD2977C002EF573 /* CalendarView Demo */,
			);
		};
/* End PBXProject section */

/* Begin PBXResourcesBuildPhase section */
		6DC610372AD2977C002EF573 /* Resources */ = {
			isa = PBXResourcesBuildPhase;
			buildActionMask = 2147483647;
			files = (
				6DC9DAE42B16888500821418 /* Inter-SemiBold.ttf in Resources */,
				6DC9DAE22B16888500821418 /* Inter-Thin.ttf in Resources */,
				6DC9DAE32B16888500821418 /* Inter-Regular.ttf in Resources */,
				6DC9DAE12B16888500821418 /* Inter-Bold.ttf in Resources */,
				6DC610412AD2977E002EF573 /* Icons & Images.xcassets in Resources */,
				6DC9DAE82B1689B600821418 /* Colours.xcassets in Resources */,
				6DC9DAE02B16888000821418 /* Lora-Bold.ttf in Resources */,
			);
			runOnlyForDeploymentPostprocessing = 0;
		};
/* End PBXResourcesBuildPhase section */

/* Begin PBXSourcesBuildPhase section */
		6DC610352AD2977C002EF573 /* Sources */ = {
			isa = PBXSourcesBuildPhase;
			buildActionMask = 2147483647;
			files = (
				6DC6103F2AD2977C002EF573 /* ContentView.swift in Sources */,
				6DC6103D2AD2977C002EF573 /* CalendarView_DemoApp.swift in Sources */,
			);
			runOnlyForDeploymentPostprocessing = 0;
		};
/* End PBXSourcesBuildPhase section */

/* Begin XCBuildConfiguration section */
		6DC610452AD2977E002EF573 /* Debug */ = {
			isa = XCBuildConfiguration;
			buildSettings = {
				ALWAYS_SEARCH_USER_PATHS = NO;
				ASSETCATALOG_COMPILER_GENERATE_SWIFT_ASSET_SYMBOL_EXTENSIONS = YES;
				CLANG_ANALYZER_NONNULL = YES;
				CLANG_ANALYZER_NUMBER_OBJECT_CONVERSION = YES_AGGRESSIVE;
				CLANG_CXX_LANGUAGE_STANDARD = "gnu++20";
				CLANG_ENABLE_MODULES = YES;
				CLANG_ENABLE_OBJC_ARC = YES;
				CLANG_ENABLE_OBJC_WEAK = YES;
				CLANG_WARN_BLOCK_CAPTURE_AUTORELEASING = YES;
				CLANG_WARN_BOOL_CONVERSION = YES;
				CLANG_WARN_COMMA = YES;
				CLANG_WARN_CONSTANT_CONVERSION = YES;
				CLANG_WARN_DEPRECATED_OBJC_IMPLEMENTATIONS = YES;
				CLANG_WARN_DIRECT_OBJC_ISA_USAGE = YES_ERROR;
				CLANG_WARN_DOCUMENTATION_COMMENTS = YES;
				CLANG_WARN_EMPTY_BODY = YES;
				CLANG_WARN_ENUM_CONVERSION = YES;
				CLANG_WARN_INFINITE_RECURSION = YES;
				CLANG_WARN_INT_CONVERSION = YES;
				CLANG_WARN_NON_LITERAL_NULL_CONVERSION = YES;
				CLANG_WARN_OBJC_IMPLICIT_RETAIN_SELF = YES;
				CLANG_WARN_OBJC_LITERAL_CONVERSION = YES;
				CLANG_WARN_OBJC_ROOT_CLASS = YES_ERROR;
				CLANG_WARN_QUOTED_INCLUDE_IN_FRAMEWORK_HEADER = YES;
				CLANG_WARN_RANGE_LOOP_ANALYSIS = YES;
				CLANG_WARN_STRICT_PROTOTYPES = YES;
				CLANG_WARN_SUSPICIOUS_MOVE = YES;
				CLANG_WARN_UNGUARDED_AVAILABILITY = YES_AGGRESSIVE;
				CLANG_WARN_UNREACHABLE_CODE = YES;
				CLANG_WARN__DUPLICATE_METHOD_MATCH = YES;
				COPY_PHASE_STRIP = NO;
				DEBUG_INFORMATION_FORMAT = dwarf;
				ENABLE_STRICT_OBJC_MSGSEND = YES;
				ENABLE_TESTABILITY = YES;
				ENABLE_USER_SCRIPT_SANDBOXING = YES;
				GCC_C_LANGUAGE_STANDARD = gnu17;
				GCC_DYNAMIC_NO_PIC = NO;
				GCC_NO_COMMON_BLOCKS = YES;
				GCC_OPTIMIZATION_LEVEL = 0;
				GCC_PREPROCESSOR_DEFINITIONS = (
					"DEBUG=1",
					"$(inherited)",
				);
				GCC_WARN_64_TO_32_BIT_CONVERSION = YES;
				GCC_WARN_ABOUT_RETURN_TYPE = YES_ERROR;
				GCC_WARN_UNDECLARED_SELECTOR = YES;
				GCC_WARN_UNINITIALIZED_AUTOS = YES_AGGRESSIVE;
				GCC_WARN_UNUSED_FUNCTION = YES;
				GCC_WARN_UNUSED_VARIABLE = YES;
				IPHONEOS_DEPLOYMENT_TARGET = 17.0;
				LOCALIZATION_PREFERS_STRING_CATALOGS = YES;
				MTL_ENABLE_DEBUG_INFO = INCLUDE_SOURCE;
				MTL_FAST_MATH = YES;
				ONLY_ACTIVE_ARCH = YES;
				SDKROOT = iphoneos;
				SWIFT_ACTIVE_COMPILATION_CONDITIONS = "DEBUG $(inherited)";
				SWIFT_OPTIMIZATION_LEVEL = "-Onone";
			};
			name = Debug;
		};
		6DC610462AD2977E002EF573 /* Release */ = {
			isa = XCBuildConfiguration;
			buildSettings = {
				ALWAYS_SEARCH_USER_PATHS = NO;
				ASSETCATALOG_COMPILER_GENERATE_SWIFT_ASSET_SYMBOL_EXTENSIONS = YES;
				CLANG_ANALYZER_NONNULL = YES;
				CLANG_ANALYZER_NUMBER_OBJECT_CONVERSION = YES_AGGRESSIVE;
				CLANG_CXX_LANGUAGE_STANDARD = "gnu++20";
				CLANG_ENABLE_MODULES = YES;
				CLANG_ENABLE_OBJC_ARC = YES;
				CLANG_ENABLE_OBJC_WEAK = YES;
				CLANG_WARN_BLOCK_CAPTURE_AUTORELEASING = YES;
				CLANG_WARN_BOOL_CONVERSION = YES;
				CLANG_WARN_COMMA = YES;
				CLANG_WARN_CONSTANT_CONVERSION = YES;
				CLANG_WARN_DEPRECATED_OBJC_IMPLEMENTATIONS = YES;
				CLANG_WARN_DIRECT_OBJC_ISA_USAGE = YES_ERROR;
				CLANG_WARN_DOCUMENTATION_COMMENTS = YES;
				CLANG_WARN_EMPTY_BODY = YES;
				CLANG_WARN_ENUM_CONVERSION = YES;
				CLANG_WARN_INFINITE_RECURSION = YES;
				CLANG_WARN_INT_CONVERSION = YES;
				CLANG_WARN_NON_LITERAL_NULL_CONVERSION = YES;
				CLANG_WARN_OBJC_IMPLICIT_RETAIN_SELF = YES;
				CLANG_WARN_OBJC_LITERAL_CONVERSION = YES;
				CLANG_WARN_OBJC_ROOT_CLASS = YES_ERROR;
				CLANG_WARN_QUOTED_INCLUDE_IN_FRAMEWORK_HEADER = YES;
				CLANG_WARN_RANGE_LOOP_ANALYSIS = YES;
				CLANG_WARN_STRICT_PROTOTYPES = YES;
				CLANG_WARN_SUSPICIOUS_MOVE = YES;
				CLANG_WARN_UNGUARDED_AVAILABILITY = YES_AGGRESSIVE;
				CLANG_WARN_UNREACHABLE_CODE = YES;
				CLANG_WARN__DUPLICATE_METHOD_MATCH = YES;
				COPY_PHASE_STRIP = NO;
				DEBUG_INFORMATION_FORMAT = "dwarf-with-dsym";
				ENABLE_NS_ASSERTIONS = NO;
				ENABLE_STRICT_OBJC_MSGSEND = YES;
				ENABLE_USER_SCRIPT_SANDBOXING = YES;
				GCC_C_LANGUAGE_STANDARD = gnu17;
				GCC_NO_COMMON_BLOCKS = YES;
				GCC_WARN_64_TO_32_BIT_CONVERSION = YES;
				GCC_WARN_ABOUT_RETURN_TYPE = YES_ERROR;
				GCC_WARN_UNDECLARED_SELECTOR = YES;
				GCC_WARN_UNINITIALIZED_AUTOS = YES_AGGRESSIVE;
				GCC_WARN_UNUSED_FUNCTION = YES;
				GCC_WARN_UNUSED_VARIABLE = YES;
				IPHONEOS_DEPLOYMENT_TARGET = 17.0;
				LOCALIZATION_PREFERS_STRING_CATALOGS = YES;
				MTL_ENABLE_DEBUG_INFO = NO;
				MTL_FAST_MATH = YES;
				SDKROOT = iphoneos;
				SWIFT_COMPILATION_MODE = wholemodule;
				VALIDATE_PRODUCT = YES;
			};
			name = Release;
		};
		6DC610482AD2977E002EF573 /* Debug */ = {
			isa = XCBuildConfiguration;
			buildSettings = {
				ASSETCATALOG_COMPILER_APPICON_NAME = AppIcon;
				ASSETCATALOG_COMPILER_GLOBAL_ACCENT_COLOR_NAME = "";
				CODE_SIGN_STYLE = Automatic;
				CURRENT_PROJECT_VERSION = 1;
				DEVELOPMENT_ASSET_PATHS = "";
				DEVELOPMENT_TEAM = G8XDUUWJVM;
				ENABLE_PREVIEWS = YES;
				GENERATE_INFOPLIST_FILE = YES;
				INFOPLIST_FILE = "CalendarView Demo/Resources/Settings/CalendarViewInfo.plist";
				INFOPLIST_KEY_UIApplicationSceneManifest_Generation = YES;
				INFOPLIST_KEY_UIApplicationSupportsIndirectInputEvents = YES;
				INFOPLIST_KEY_UILaunchScreen_Generation = YES;
				INFOPLIST_KEY_UISupportedInterfaceOrientations_iPad = "UIInterfaceOrientationPortrait UIInterfaceOrientationPortraitUpsideDown UIInterfaceOrientationLandscapeLeft UIInterfaceOrientationLandscapeRight";
				INFOPLIST_KEY_UISupportedInterfaceOrientations_iPhone = "UIInterfaceOrientationPortrait UIInterfaceOrientationLandscapeLeft UIInterfaceOrientationLandscapeRight";
				LD_RUNPATH_SEARCH_PATHS = (
					"$(inherited)",
					"@executable_path/Frameworks",
				);
				MARKETING_VERSION = 1.0;
				PRODUCT_BUNDLE_IDENTIFIER = "com.mijick.CalendarView-Demo";
				PRODUCT_NAME = "$(TARGET_NAME)";
				SUPPORTED_PLATFORMS = "iphoneos iphonesimulator";
				SUPPORTS_MACCATALYST = NO;
				SUPPORTS_MAC_DESIGNED_FOR_IPHONE_IPAD = NO;
				SWIFT_EMIT_LOC_STRINGS = YES;
				SWIFT_VERSION = 5.0;
				TARGETED_DEVICE_FAMILY = "1,2";
			};
			name = Debug;
		};
		6DC610492AD2977E002EF573 /* Release */ = {
			isa = XCBuildConfiguration;
			buildSettings = {
				ASSETCATALOG_COMPILER_APPICON_NAME = AppIcon;
				ASSETCATALOG_COMPILER_GLOBAL_ACCENT_COLOR_NAME = "";
				CODE_SIGN_STYLE = Automatic;
				CURRENT_PROJECT_VERSION = 1;
				DEVELOPMENT_ASSET_PATHS = "";
				DEVELOPMENT_TEAM = G8XDUUWJVM;
				ENABLE_PREVIEWS = YES;
				GENERATE_INFOPLIST_FILE = YES;
				INFOPLIST_FILE = "CalendarView Demo/Resources/Settings/CalendarViewInfo.plist";
				INFOPLIST_KEY_UIApplicationSceneManifest_Generation = YES;
				INFOPLIST_KEY_UIApplicationSupportsIndirectInputEvents = YES;
				INFOPLIST_KEY_UILaunchScreen_Generation = YES;
				INFOPLIST_KEY_UISupportedInterfaceOrientations_iPad = "UIInterfaceOrientationPortrait UIInterfaceOrientationPortraitUpsideDown UIInterfaceOrientationLandscapeLeft UIInterfaceOrientationLandscapeRight";
				INFOPLIST_KEY_UISupportedInterfaceOrientations_iPhone = "UIInterfaceOrientationPortrait UIInterfaceOrientationLandscapeLeft UIInterfaceOrientationLandscapeRight";
				LD_RUNPATH_SEARCH_PATHS = (
					"$(inherited)",
					"@executable_path/Frameworks",
				);
				MARKETING_VERSION = 1.0;
				PRODUCT_BUNDLE_IDENTIFIER = "com.mijick.CalendarView-Demo";
				PRODUCT_NAME = "$(TARGET_NAME)";
				SUPPORTED_PLATFORMS = "iphoneos iphonesimulator";
				SUPPORTS_MACCATALYST = NO;
				SUPPORTS_MAC_DESIGNED_FOR_IPHONE_IPAD = NO;
				SWIFT_EMIT_LOC_STRINGS = YES;
				SWIFT_VERSION = 5.0;
				TARGETED_DEVICE_FAMILY = "1,2";
			};
			name = Release;
		};
/* End XCBuildConfiguration section */

/* Begin XCConfigurationList section */
		6DC610342AD2977C002EF573 /* Build configuration list for PBXProject "CalendarView Demo" */ = {
			isa = XCConfigurationList;
			buildConfigurations = (
				6DC610452AD2977E002EF573 /* Debug */,
				6DC610462AD2977E002EF573 /* Release */,
			);
			defaultConfigurationIsVisible = 0;
			defaultConfigurationName = Release;
		};
		6DC610472AD2977E002EF573 /* Build configuration list for PBXNativeTarget "CalendarView Demo" */ = {
			isa = XCConfigurationList;
			buildConfigurations = (
				6DC610482AD2977E002EF573 /* Debug */,
				6DC610492AD2977E002EF573 /* Release */,
			);
			defaultConfigurationIsVisible = 0;
			defaultConfigurationName = Release;
		};
/* End XCConfigurationList section */

/* Begin XCRemoteSwiftPackageReference section */
		6DC9DAD12B1686BD00821418 /* XCRemoteSwiftPackageReference "Navigattie" */ = {
			isa = XCRemoteSwiftPackageReference;
			repositoryURL = "https://github.com/Mijick/Navigattie";
			requirement = {
				kind = upToNextMajorVersion;
				minimumVersion = 0.4.0;
			};
		};
		6DC9DAD72B16871300821418 /* XCRemoteSwiftPackageReference "CalendarView" */ = {
			isa = XCRemoteSwiftPackageReference;
			repositoryURL = "https://github.com/Mijick/CalendarView";
			requirement = {
				branch = main;
				kind = branch;
			};
		};
/* End XCRemoteSwiftPackageReference section */

/* Begin XCSwiftPackageProductDependency section */
		6DC9DAD22B1686BD00821418 /* MijickNavigattie */ = {
			isa = XCSwiftPackageProductDependency;
			package = 6DC9DAD12B1686BD00821418 /* XCRemoteSwiftPackageReference "Navigattie" */;
			productName = MijickNavigattie;
		};
		6DC9DAD82B16871300821418 /* MijickCalendarView */ = {
			isa = XCSwiftPackageProductDependency;
			package = 6DC9DAD72B16871300821418 /* XCRemoteSwiftPackageReference "CalendarView" */;
			productName = MijickCalendarView;
		};
/* End XCSwiftPackageProductDependency section */
	};
	rootObject = 6DC610312AD2977C002EF573 /* Project object */;
}
